
Microsoft Visual Studio Solution File, Format Version 12.00
# Visual Studio Version 17
VisualStudioVersion = 17.2.32519.379
MinimumVisualStudioVersion = 10.0.40219.1
Project("{888888A0-9F3D-457C-B088-3A5042F75D52}") = "ABET-Consolidation", "ABET-Consolidation\ABET-Consolidation.pyproj", "{7CAD41C8-9C9A-407F-AC87-51CF00FD16AB}"
EndProject
Global
	GlobalSection(SolutionConfigurationPlatforms) = preSolution
		Debug|Any CPU = Debug|Any CPU
		Release|Any CPU = Release|Any CPU
	EndGlobalSection
	GlobalSection(ProjectConfigurationPlatforms) = postSolution
		{7CAD41C8-9C9A-407F-AC87-51CF00FD16AB}.Debug|Any CPU.ActiveCfg = Debug|Any CPU
		{7CAD41C8-9C9A-407F-AC87-51CF00FD16AB}.Release|Any CPU.ActiveCfg = Release|Any CPU
	EndGlobalSection
	GlobalSection(SolutionProperties) = preSolution
		HideSolutionNode = FALSE
	EndGlobalSection
	GlobalSection(ExtensibilityGlobals) = postSolution
		SolutionGuid = {EEF9809A-82CC-4CA8-8515-486C58068BE9}
	EndGlobalSection
EndGlobal
